
Microsoft Visual Studio Solution File, Format Version 12.00
# Visual Studio Version 17
VisualStudioVersion = 17.9.34728.123
MinimumVisualStudioVersion = 10.0.40219.1
Project("{FAE04EC0-301F-11D3-BF4B-00C04F79EFBC}") = "APItoDB", "APItoDB\APItoDB.csproj", "{CDDD6C38-82C9-4FBA-8063-D8E9F482D455}"
EndProject
Global
	GlobalSection(SolutionConfigurationPlatforms) = preSolution
		Debug|Any CPU = Debug|Any CPU
		Release|Any CPU = Release|Any CPU
	EndGlobalSection
	GlobalSection(ProjectConfigurationPlatforms) = postSolution
		{CDDD6C38-82C9-4FBA-8063-D8E9F482D455}.Debug|Any CPU.ActiveCfg = Debug|Any CPU
		{CDDD6C38-82C9-4FBA-8063-D8E9F482D455}.Debug|Any CPU.Build.0 = Debug|Any CPU
		{CDDD6C38-82C9-4FBA-8063-D8E9F482D455}.Release|Any CPU.ActiveCfg = Release|Any CPU
		{CDDD6C38-82C9-4FBA-8063-D8E9F482D455}.Release|Any CPU.Build.0 = Release|Any CPU
	EndGlobalSection
	GlobalSection(SolutionProperties) = preSolution
		HideSolutionNode = FALSE
	EndGlobalSection
	GlobalSection(ExtensibilityGlobals) = postSolution
		SolutionGuid = {256CEB22-9B75-4556-8CA2-932AE8F9AA30}
	EndGlobalSection
EndGlobal
